
Microsoft Visual Studio Solution File, Format Version 12.00
# Visual Studio Version 16
VisualStudioVersion = 16.0.31829.152
MinimumVisualStudioVersion = 10.0.40219.1
Project("{FAE04EC0-301F-11D3-BF4B-00C04F79EFBC}") = "Prueba_HPTP", "Prueba_HPTP.csproj", "{36A9D608-C009-47E6-8F49-2509BE0E89B2}"
EndProject
Global
	GlobalSection(SolutionConfigurationPlatforms) = preSolution
		Debug|Any CPU = Debug|Any CPU
		Release|Any CPU = Release|Any CPU
	EndGlobalSection
	GlobalSection(ProjectConfigurationPlatforms) = postSolution
		{36A9D608-C009-47E6-8F49-2509BE0E89B2}.Debug|Any CPU.ActiveCfg = Debug|Any CPU
		{36A9D608-C009-47E6-8F49-2509BE0E89B2}.Debug|Any CPU.Build.0 = Debug|Any CPU
		{36A9D608-C009-47E6-8F49-2509BE0E89B2}.Release|Any CPU.ActiveCfg = Release|Any CPU
		{36A9D608-C009-47E6-8F49-2509BE0E89B2}.Release|Any CPU.Build.0 = Release|Any CPU
	EndGlobalSection
	GlobalSection(SolutionProperties) = preSolution
		HideSolutionNode = FALSE
	EndGlobalSection
	GlobalSection(ExtensibilityGlobals) = postSolution
		SolutionGuid = {03BC811E-34A0-44F4-898F-6A150ABE6442}
	EndGlobalSection
EndGlobal
